// !$*UTF8*$!
{
	archiveVersion = 1;
	classes = {
	};
	objectVersion = 46;
	objects = {

/* Begin PBXBuildFile section */
		052708551DB384AF00FE3AF7 /* ItemCell.swift in Sources */ = {isa = PBXBuildFile; fileRef = 052708541DB384AF00FE3AF7 /* ItemCell.swift */; };
		052708571DB397E500FE3AF7 /* rolls-royce-ghost.jpg in Resources */ = {isa = PBXBuildFile; fileRef = 052708561DB397E500FE3AF7 /* rolls-royce-ghost.jpg */; };
		0527085B1DB39E1E00FE3AF7 /* ItemDetailsVC.swift in Sources */ = {isa = PBXBuildFile; fileRef = 0527085A1DB39E1E00FE3AF7 /* ItemDetailsVC.swift */; };
		05FF75E71DB2960C00F179CB /* AppDelegate.swift in Sources */ = {isa = PBXBuildFile; fileRef = 05FF75E61DB2960C00F179CB /* AppDelegate.swift */; };
		05FF75E91DB2960C00F179CB /* MainVC.swift in Sources */ = {isa = PBXBuildFile; fileRef = 05FF75E81DB2960C00F179CB /* MainVC.swift */; };
		05FF75EC1DB2960C00F179CB /* Main.storyboard in Resources */ = {isa = PBXBuildFile; fileRef = 05FF75EA1DB2960C00F179CB /* Main.storyboard */; };
		05FF75EF1DB2960C00F179CB /* DreamLister.xcdatamodeld in Sources */ = {isa = PBXBuildFile; fileRef = 05FF75ED1DB2960C00F179CB /* DreamLister.xcdatamodeld */; };
		05FF75F11DB2960C00F179CB /* Assets.xcassets in Resources */ = {isa = PBXBuildFile; fileRef = 05FF75F01DB2960C00F179CB /* Assets.xcassets */; };
		05FF75F41DB2960C00F179CB /* LaunchScreen.storyboard in Resources */ = {isa = PBXBuildFile; fileRef = 05FF75F21DB2960C00F179CB /* LaunchScreen.storyboard */; };
		05FF76031DB29C0900F179CB /* ItemType+CoreDataClass.swift in Sources */ = {isa = PBXBuildFile; fileRef = 05FF75FB1DB29C0900F179CB /* ItemType+CoreDataClass.swift */; };
		05FF76041DB29C0900F179CB /* ItemType+CoreDataProperties.swift in Sources */ = {isa = PBXBuildFile; fileRef = 05FF75FC1DB29C0900F179CB /* ItemType+CoreDataProperties.swift */; };
		05FF76051DB29C0900F179CB /* Item+CoreDataClass.swift in Sources */ = {isa = PBXBuildFile; fileRef = 05FF75FD1DB29C0900F179CB /* Item+CoreDataClass.swift */; };
		05FF76061DB29C0900F179CB /* Item+CoreDataProperties.swift in Sources */ = {isa = PBXBuildFile; fileRef = 05FF75FE1DB29C0900F179CB /* Item+CoreDataProperties.swift */; };
		05FF76071DB29C0900F179CB /* Store+CoreDataClass.swift in Sources */ = {isa = PBXBuildFile; fileRef = 05FF75FF1DB29C0900F179CB /* Store+CoreDataClass.swift */; };
		05FF76081DB29C0900F179CB /* Store+CoreDataProperties.swift in Sources */ = {isa = PBXBuildFile; fileRef = 05FF76001DB29C0900F179CB /* Store+CoreDataProperties.swift */; };
		05FF76091DB29C0900F179CB /* Image+CoreDataClass.swift in Sources */ = {isa = PBXBuildFile; fileRef = 05FF76011DB29C0900F179CB /* Image+CoreDataClass.swift */; };
		05FF760A1DB29C0900F179CB /* Image+CoreDataProperties.swift in Sources */ = {isa = PBXBuildFile; fileRef = 05FF76021DB29C0900F179CB /* Image+CoreDataProperties.swift */; };
		05FF760F1DB2A7AF00F179CB /* MaterialView.swift in Sources */ = {isa = PBXBuildFile; fileRef = 05FF760E1DB2A7AF00F179CB /* MaterialView.swift */; };
/* End PBXBuildFile section */

/* Begin PBXFileReference section */
		052708541DB384AF00FE3AF7 /* ItemCell.swift */ = {isa = PBXFileReference; fileEncoding = 4; lastKnownFileType = sourcecode.swift; path = ItemCell.swift; sourceTree = "<group>"; };
		052708561DB397E500FE3AF7 /* rolls-royce-ghost.jpg */ = {isa = PBXFileReference; lastKnownFileType = image.jpeg; path = "rolls-royce-ghost.jpg"; sourceTree = "<group>"; };
		0527085A1DB39E1E00FE3AF7 /* ItemDetailsVC.swift */ = {isa = PBXFileReference; fileEncoding = 4; lastKnownFileType = sourcecode.swift; path = ItemDetailsVC.swift; sourceTree = "<group>"; };
		05FF75E31DB2960C00F179CB /* DreamLister.app */ = {isa = PBXFileReference; explicitFileType = wrapper.application; includeInIndex = 0; path = DreamLister.app; sourceTree = BUILT_PRODUCTS_DIR; };
		05FF75E61DB2960C00F179CB /* AppDelegate.swift */ = {isa = PBXFileReference; lastKnownFileType = sourcecode.swift; path = AppDelegate.swift; sourceTree = "<group>"; };
		05FF75E81DB2960C00F179CB /* MainVC.swift */ = {isa = PBXFileReference; lastKnownFileType = sourcecode.swift; path = MainVC.swift; sourceTree = "<group>"; };
		05FF75EB1DB2960C00F179CB /* Base */ = {isa = PBXFileReference; lastKnownFileType = file.storyboard; name = Base; path = Base.lproj/Main.storyboard; sourceTree = "<group>"; };
		05FF75EE1DB2960C00F179CB /* DreamLister.xcdatamodel */ = {isa = PBXFileReference; lastKnownFileType = wrapper.xcdatamodel; path = DreamLister.xcdatamodel; sourceTree = "<group>"; };
		05FF75F01DB2960C00F179CB /* Assets.xcassets */ = {isa = PBXFileReference; lastKnownFileType = folder.assetcatalog; path = Assets.xcassets; sourceTree = "<group>"; };
		05FF75F31DB2960C00F179CB /* Base */ = {isa = PBXFileReference; lastKnownFileType = file.storyboard; name = Base; path = Base.lproj/LaunchScreen.storyboard; sourceTree = "<group>"; };
		05FF75F51DB2960C00F179CB /* Info.plist */ = {isa = PBXFileReference; lastKnownFileType = text.plist.xml; path = Info.plist; sourceTree = "<group>"; };
		05FF75FB1DB29C0900F179CB /* ItemType+CoreDataClass.swift */ = {isa = PBXFileReference; fileEncoding = 4; lastKnownFileType = sourcecode.swift; path = "ItemType+CoreDataClass.swift"; sourceTree = "<group>"; };
		05FF75FC1DB29C0900F179CB /* ItemType+CoreDataProperties.swift */ = {isa = PBXFileReference; fileEncoding = 4; lastKnownFileType = sourcecode.swift; path = "ItemType+CoreDataProperties.swift"; sourceTree = "<group>"; };
		05FF75FD1DB29C0900F179CB /* Item+CoreDataClass.swift */ = {isa = PBXFileReference; fileEncoding = 4; lastKnownFileType = sourcecode.swift; path = "Item+CoreDataClass.swift"; sourceTree = "<group>"; };
		05FF75FE1DB29C0900F179CB /* Item+CoreDataProperties.swift */ = {isa = PBXFileReference; fileEncoding = 4; lastKnownFileType = sourcecode.swift; path = "Item+CoreDataProperties.swift"; sourceTree = "<group>"; };
		05FF75FF1DB29C0900F179CB /* Store+CoreDataClass.swift */ = {isa = PBXFileReference; fileEncoding = 4; lastKnownFileType = sourcecode.swift; path = "Store+CoreDataClass.swift"; sourceTree = "<group>"; };
		05FF76001DB29C0900F179CB /* Store+CoreDataProperties.swift */ = {isa = PBXFileReference; fileEncoding = 4; lastKnownFileType = sourcecode.swift; path = "Store+CoreDataProperties.swift"; sourceTree = "<group>"; };
		05FF76011DB29C0900F179CB /* Image+CoreDataClass.swift */ = {isa = PBXFileReference; fileEncoding = 4; lastKnownFileType = sourcecode.swift; path = "Image+CoreDataClass.swift"; sourceTree = "<group>"; };
		05FF76021DB29C0900F179CB /* Image+CoreDataProperties.swift */ = {isa = PBXFileReference; fileEncoding = 4; lastKnownFileType = sourcecode.swift; path = "Image+CoreDataProperties.swift"; sourceTree = "<group>"; };
		05FF760E1DB2A7AF00F179CB /* MaterialView.swift */ = {isa = PBXFileReference; fileEncoding = 4; lastKnownFileType = sourcecode.swift; path = MaterialView.swift; sourceTree = "<group>"; };
/* End PBXFileReference section */

/* Begin PBXFrameworksBuildPhase section */
		05FF75E01DB2960C00F179CB /* Frameworks */ = {
			isa = PBXFrameworksBuildPhase;
			buildActionMask = 2147483647;
			files = (
			);
			runOnlyForDeploymentPostprocessing = 0;
		};
/* End PBXFrameworksBuildPhase section */

/* Begin PBXGroup section */
		052708581DB39DDF00FE3AF7 /* Controller */ = {
			isa = PBXGroup;
			children = (
				05FF75E81DB2960C00F179CB /* MainVC.swift */,
				0527085A1DB39E1E00FE3AF7 /* ItemDetailsVC.swift */,
			);
			name = Controller;
			sourceTree = "<group>";
		};
		05FF75DA1DB2960C00F179CB = {
			isa = PBXGroup;
			children = (
				05FF75E51DB2960C00F179CB /* DreamLister */,
				05FF75E41DB2960C00F179CB /* Products */,
			);
			sourceTree = "<group>";
		};
		05FF75E41DB2960C00F179CB /* Products */ = {
			isa = PBXGroup;
			children = (
				05FF75E31DB2960C00F179CB /* DreamLister.app */,
			);
			name = Products;
			sourceTree = "<group>";
		};
		05FF75E51DB2960C00F179CB /* DreamLister */ = {
			isa = PBXGroup;
			children = (
				05FF760D1DB2A79500F179CB /* View */,
				05FF760B1DB29CFA00F179CB /* Model */,
				05FF75E61DB2960C00F179CB /* AppDelegate.swift */,
				052708581DB39DDF00FE3AF7 /* Controller */,
				05FF75EA1DB2960C00F179CB /* Main.storyboard */,
				05FF75F01DB2960C00F179CB /* Assets.xcassets */,
				05FF75F21DB2960C00F179CB /* LaunchScreen.storyboard */,
				05FF75F51DB2960C00F179CB /* Info.plist */,
				05FF75ED1DB2960C00F179CB /* DreamLister.xcdatamodeld */,
				052708561DB397E500FE3AF7 /* rolls-royce-ghost.jpg */,
			);
			path = DreamLister;
			sourceTree = "<group>";
		};
		05FF760B1DB29CFA00F179CB /* Model */ = {
			isa = PBXGroup;
			children = (
				05FF75FB1DB29C0900F179CB /* ItemType+CoreDataClass.swift */,
				05FF75FD1DB29C0900F179CB /* Item+CoreDataClass.swift */,
				05FF75FF1DB29C0900F179CB /* Store+CoreDataClass.swift */,
				05FF76011DB29C0900F179CB /* Image+CoreDataClass.swift */,
				05FF760C1DB29D1E00F179CB /* Generated */,
			);
			name = Model;
			sourceTree = "<group>";
		};
		05FF760C1DB29D1E00F179CB /* Generated */ = {
			isa = PBXGroup;
			children = (
				05FF75FC1DB29C0900F179CB /* ItemType+CoreDataProperties.swift */,
				05FF75FE1DB29C0900F179CB /* Item+CoreDataProperties.swift */,
				05FF76001DB29C0900F179CB /* Store+CoreDataProperties.swift */,
				05FF76021DB29C0900F179CB /* Image+CoreDataProperties.swift */,
			);
			name = Generated;
			sourceTree = "<group>";
		};
		05FF760D1DB2A79500F179CB /* View */ = {
			isa = PBXGroup;
			children = (
				05FF760E1DB2A7AF00F179CB /* MaterialView.swift */,
				052708541DB384AF00FE3AF7 /* ItemCell.swift */,
			);
			name = View;
			sourceTree = "<group>";
		};
/* End PBXGroup section */

/* Begin PBXNativeTarget section */
		05FF75E21DB2960C00F179CB /* DreamLister */ = {
			isa = PBXNativeTarget;
			buildConfigurationList = 05FF75F81DB2960C00F179CB /* Build configuration list for PBXNativeTarget "DreamLister" */;
			buildPhases = (
				05FF75DF1DB2960C00F179CB /* Sources */,
				05FF75E01DB2960C00F179CB /* Frameworks */,
				05FF75E11DB2960C00F179CB /* Resources */,
			);
			buildRules = (
			);
			dependencies = (
			);
			name = DreamLister;
			productName = DreamLister;
			productReference = 05FF75E31DB2960C00F179CB /* DreamLister.app */;
			productType = "com.apple.product-type.application";
		};
/* End PBXNativeTarget section */

/* Begin PBXProject section */
		05FF75DB1DB2960C00F179CB /* Project object */ = {
			isa = PBXProject;
			attributes = {
				LastSwiftUpdateCheck = 0800;
				LastUpgradeCheck = 0800;
				ORGANIZATIONNAME = MyBCloud;
				TargetAttributes = {
					05FF75E21DB2960C00F179CB = {
						CreatedOnToolsVersion = 8.0;
						DevelopmentTeam = L3LXP6A8G3;
						ProvisioningStyle = Automatic;
					};
				};
			};
			buildConfigurationList = 05FF75DE1DB2960C00F179CB /* Build configuration list for PBXProject "DreamLister" */;
			compatibilityVersion = "Xcode 3.2";
			developmentRegion = English;
			hasScannedForEncodings = 0;
			knownRegions = (
				en,
				Base,
			);
			mainGroup = 05FF75DA1DB2960C00F179CB;
			productRefGroup = 05FF75E41DB2960C00F179CB /* Products */;
			projectDirPath = "";
			projectRoot = "";
			targets = (
				05FF75E21DB2960C00F179CB /* DreamLister */,
			);
		};
/* End PBXProject section */

/* Begin PBXResourcesBuildPhase section */
		05FF75E11DB2960C00F179CB /* Resources */ = {
			isa = PBXResourcesBuildPhase;
			buildActionMask = 2147483647;
			files = (
				05FF75F41DB2960C00F179CB /* LaunchScreen.storyboard in Resources */,
				052708571DB397E500FE3AF7 /* rolls-royce-ghost.jpg in Resources */,
				05FF75F11DB2960C00F179CB /* Assets.xcassets in Resources */,
				05FF75EC1DB2960C00F179CB /* Main.storyboard in Resources */,
			);
			runOnlyForDeploymentPostprocessing = 0;
		};
/* End PBXResourcesBuildPhase section */

/* Begin PBXSourcesBuildPhase section */
		05FF75DF1DB2960C00F179CB /* Sources */ = {
			isa = PBXSourcesBuildPhase;
			buildActionMask = 2147483647;
			files = (
				052708551DB384AF00FE3AF7 /* ItemCell.swift in Sources */,
				05FF76061DB29C0900F179CB /* Item+CoreDataProperties.swift in Sources */,
				05FF76051DB29C0900F179CB /* Item+CoreDataClass.swift in Sources */,
				05FF76031DB29C0900F179CB /* ItemType+CoreDataClass.swift in Sources */,
				05FF760F1DB2A7AF00F179CB /* MaterialView.swift in Sources */,
				05FF76041DB29C0900F179CB /* ItemType+CoreDataProperties.swift in Sources */,
				05FF76081DB29C0900F179CB /* Store+CoreDataProperties.swift in Sources */,
				05FF75E91DB2960C00F179CB /* MainVC.swift in Sources */,
				0527085B1DB39E1E00FE3AF7 /* ItemDetailsVC.swift in Sources */,
				05FF76071DB29C0900F179CB /* Store+CoreDataClass.swift in Sources */,
				05FF75E71DB2960C00F179CB /* AppDelegate.swift in Sources */,
				05FF75EF1DB2960C00F179CB /* DreamLister.xcdatamodeld in Sources */,
				05FF76091DB29C0900F179CB /* Image+CoreDataClass.swift in Sources */,
				05FF760A1DB29C0900F179CB /* Image+CoreDataProperties.swift in Sources */,
			);
			runOnlyForDeploymentPostprocessing = 0;
		};
/* End PBXSourcesBuildPhase section */

/* Begin PBXVariantGroup section */
		05FF75EA1DB2960C00F179CB /* Main.storyboard */ = {
			isa = PBXVariantGroup;
			children = (
				05FF75EB1DB2960C00F179CB /* Base */,
			);
			name = Main.storyboard;
			sourceTree = "<group>";
		};
		05FF75F21DB2960C00F179CB /* LaunchScreen.storyboard */ = {
			isa = PBXVariantGroup;
			children = (
				05FF75F31DB2960C00F179CB /* Base */,
			);
			name = LaunchScreen.storyboard;
			sourceTree = "<group>";
		};
/* End PBXVariantGroup section */

/* Begin XCBuildConfiguration section */
		05FF75F61DB2960C00F179CB /* Debug */ = {
			isa = XCBuildConfiguration;
			buildSettings = {
				ALWAYS_SEARCH_USER_PATHS = NO;
				CLANG_ANALYZER_NONNULL = YES;
				CLANG_CXX_LANGUAGE_STANDARD = "gnu++0x";
				CLANG_CXX_LIBRARY = "libc++";
				CLANG_ENABLE_MODULES = YES;
				CLANG_ENABLE_OBJC_ARC = YES;
				CLANG_WARN_BOOL_CONVERSION = YES;
				CLANG_WARN_CONSTANT_CONVERSION = YES;
				CLANG_WARN_DIRECT_OBJC_ISA_USAGE = YES_ERROR;
				CLANG_WARN_DOCUMENTATION_COMMENTS = YES;
				CLANG_WARN_EMPTY_BODY = YES;
				CLANG_WARN_ENUM_CONVERSION = YES;
				CLANG_WARN_INFINITE_RECURSION = YES;
				CLANG_WARN_INT_CONVERSION = YES;
				CLANG_WARN_OBJC_ROOT_CLASS = YES_ERROR;
				CLANG_WARN_SUSPICIOUS_MOVES = YES;
				CLANG_WARN_UNREACHABLE_CODE = YES;
				CLANG_WARN__DUPLICATE_METHOD_MATCH = YES;
				"CODE_SIGN_IDENTITY[sdk=iphoneos*]" = "iPhone Developer";
				COPY_PHASE_STRIP = NO;
				DEBUG_INFORMATION_FORMAT = dwarf;
				ENABLE_STRICT_OBJC_MSGSEND = YES;
				ENABLE_TESTABILITY = YES;
				GCC_C_LANGUAGE_STANDARD = gnu99;
				GCC_DYNAMIC_NO_PIC = NO;
				GCC_NO_COMMON_BLOCKS = YES;
				GCC_OPTIMIZATION_LEVEL = 0;
				GCC_PREPROCESSOR_DEFINITIONS = (
					"DEBUG=1",
					"$(inherited)",
				);
				GCC_WARN_64_TO_32_BIT_CONVERSION = YES;
				GCC_WARN_ABOUT_RETURN_TYPE = YES_ERROR;
				GCC_WARN_UNDECLARED_SELECTOR = YES;
				GCC_WARN_UNINITIALIZED_AUTOS = YES_AGGRESSIVE;
				GCC_WARN_UNUSED_FUNCTION = YES;
				GCC_WARN_UNUSED_VARIABLE = YES;
				IPHONEOS_DEPLOYMENT_TARGET = 10.0;
				MTL_ENABLE_DEBUG_INFO = YES;
				ONLY_ACTIVE_ARCH = YES;
				SDKROOT = iphoneos;
				SWIFT_ACTIVE_COMPILATION_CONDITIONS = DEBUG;
				SWIFT_OPTIMIZATION_LEVEL = "-Onone";
				TARGETED_DEVICE_FAMILY = "1,2";
			};
			name = Debug;
		};
		05FF75F71DB2960C00F179CB /* Release */ = {
			isa = XCBuildConfiguration;
			buildSettings = {
				ALWAYS_SEARCH_USER_PATHS = NO;
				CLANG_ANALYZER_NONNULL = YES;
				CLANG_CXX_LANGUAGE_STANDARD = "gnu++0x";
				CLANG_CXX_LIBRARY = "libc++";
				CLANG_ENABLE_MODULES = YES;
				CLANG_ENABLE_OBJC_ARC = YES;
				CLANG_WARN_BOOL_CONVERSION = YES;
				CLANG_WARN_CONSTANT_CONVERSION = YES;
				CLANG_WARN_DIRECT_OBJC_ISA_USAGE = YES_ERROR;
				CLANG_WARN_DOCUMENTATION_COMMENTS = YES;
				CLANG_WARN_EMPTY_BODY = YES;
				CLANG_WARN_ENUM_CONVERSION = YES;
				CLANG_WARN_INFINITE_RECURSION = YES;
				CLANG_WARN_INT_CONVERSION = YES;
				CLANG_WARN_OBJC_ROOT_CLASS = YES_ERROR;
				CLANG_WARN_SUSPICIOUS_MOVES = YES;
				CLANG_WARN_UNREACHABLE_CODE = YES;
				CLANG_WARN__DUPLICATE_METHOD_MATCH = YES;
				"CODE_SIGN_IDENTITY[sdk=iphoneos*]" = "iPhone Developer";
				COPY_PHASE_STRIP = NO;
				DEBUG_INFORMATION_FORMAT = "dwarf-with-dsym";
				ENABLE_NS_ASSERTIONS = NO;
				ENABLE_STRICT_OBJC_MSGSEND = YES;
				GCC_C_LANGUAGE_STANDARD = gnu99;
				GCC_NO_COMMON_BLOCKS = YES;
				GCC_WARN_64_TO_32_BIT_CONVERSION = YES;
				GCC_WARN_ABOUT_RETURN_TYPE = YES_ERROR;
				GCC_WARN_UNDECLARED_SELECTOR = YES;
				GCC_WARN_UNINITIALIZED_AUTOS = YES_AGGRESSIVE;
				GCC_WARN_UNUSED_FUNCTION = YES;
				GCC_WARN_UNUSED_VARIABLE = YES;
				IPHONEOS_DEPLOYMENT_TARGET = 10.0;
				MTL_ENABLE_DEBUG_INFO = NO;
				SDKROOT = iphoneos;
				SWIFT_OPTIMIZATION_LEVEL = "-Owholemodule";
				TARGETED_DEVICE_FAMILY = "1,2";
				VALIDATE_PRODUCT = YES;
			};
			name = Release;
		};
		05FF75F91DB2960C00F179CB /* Debug */ = {
			isa = XCBuildConfiguration;
			buildSettings = {
				ASSETCATALOG_COMPILER_APPICON_NAME = AppIcon;
				DEVELOPMENT_TEAM = L3LXP6A8G3;
				INFOPLIST_FILE = DreamLister/Info.plist;
				LD_RUNPATH_SEARCH_PATHS = "$(inherited) @executable_path/Frameworks";
				PRODUCT_BUNDLE_IDENTIFIER = es.Mybcloud.DreamLister;
				PRODUCT_NAME = "$(TARGET_NAME)";
				SWIFT_VERSION = 3.0;
			};
			name = Debug;
		};
		05FF75FA1DB2960C00F179CB /* Release */ = {
			isa = XCBuildConfiguration;
			buildSettings = {
				ASSETCATALOG_COMPILER_APPICON_NAME = AppIcon;
				DEVELOPMENT_TEAM = L3LXP6A8G3;
				INFOPLIST_FILE = DreamLister/Info.plist;
				LD_RUNPATH_SEARCH_PATHS = "$(inherited) @executable_path/Frameworks";
				PRODUCT_BUNDLE_IDENTIFIER = es.Mybcloud.DreamLister;
				PRODUCT_NAME = "$(TARGET_NAME)";
				SWIFT_VERSION = 3.0;
			};
			name = Release;
		};
/* End XCBuildConfiguration section */

/* Begin XCConfigurationList section */
		05FF75DE1DB2960C00F179CB /* Build configuration list for PBXProject "DreamLister" */ = {
			isa = XCConfigurationList;
			buildConfigurations = (
				05FF75F61DB2960C00F179CB /* Debug */,
				05FF75F71DB2960C00F179CB /* Release */,
			);
			defaultConfigurationIsVisible = 0;
			defaultConfigurationName = Release;
		};
		05FF75F81DB2960C00F179CB /* Build configuration list for PBXNativeTarget "DreamLister" */ = {
			isa = XCConfigurationList;
			buildConfigurations = (
				05FF75F91DB2960C00F179CB /* Debug */,
				05FF75FA1DB2960C00F179CB /* Release */,
			);
			defaultConfigurationIsVisible = 0;
			defaultConfigurationName = Release;
		};
/* End XCConfigurationList section */

/* Begin XCVersionGroup section */
		05FF75ED1DB2960C00F179CB /* DreamLister.xcdatamodeld */ = {
			isa = XCVersionGroup;
			children = (
				05FF75EE1DB2960C00F179CB /* DreamLister.xcdatamodel */,
			);
			currentVersion = 05FF75EE1DB2960C00F179CB /* DreamLister.xcdatamodel */;
			path = DreamLister.xcdatamodeld;
			sourceTree = "<group>";
			versionGroupType = wrapper.xcdatamodel;
		};
/* End XCVersionGroup section */
	};
	rootObject = 05FF75DB1DB2960C00F179CB /* Project object */;
}
